PODS:
  - Alamofire (5.4.4)
  - DropDown (2.3.13)
  - KakaoSDK (2.8.3):
    - KakaoSDKAuth (= 2.8.3)
    - KakaoSDKCommon (= 2.8.3)
    - KakaoSDKLink (= 2.8.3)
    - KakaoSDKNavi (= 2.8.3)
    - KakaoSDKStory (= 2.8.3)
    - KakaoSDKTalk (= 2.8.3)
    - KakaoSDKTemplate (= 2.8.3)
    - KakaoSDKUser (= 2.8.3)
  - KakaoSDKAuth (2.8.3):
    - KakaoSDKCommon (= 2.8.3)
  - KakaoSDKCommon (2.8.3):
    - KakaoSDKCommon/Common (= 2.8.3)
    - KakaoSDKCommon/Network (= 2.8.3)
  - KakaoSDKCommon/Common (2.8.3)
  - KakaoSDKCommon/Network (2.8.3):
    - Alamofire (~> 5.1)
    - KakaoSDKCommon/Common (= 2.8.3)
  - KakaoSDKLink (2.8.3):
    - KakaoSDKCommon (= 2.8.3)
    - KakaoSDKTemplate (= 2.8.3)
  - KakaoSDKNavi (2.8.3):
    - KakaoSDKCommon/Common (= 2.8.3)
  - KakaoSDKStory (2.8.3):
    - KakaoSDKUser (= 2.8.3)
  - KakaoSDKTalk (2.8.3):
    - KakaoSDKTemplate (= 2.8.3)
    - KakaoSDKUser (= 2.8.3)
  - KakaoSDKTemplate (2.8.3):
    - KakaoSDKCommon/Common (= 2.8.3)
  - KakaoSDKUser (2.8.3):
    - KakaoSDKAuth (= 2.8.3)
  - SnapKit (5.0.1)

DEPENDENCIES:
  - Alamofire (~> 5.4)
  - DropDown
  - KakaoSDK
  - SnapKit (~> 5.0.0)

SPEC REPOS:
  trunk:
    - Alamofire
    - DropDown
    - KakaoSDK
    - KakaoSDKAuth
    - KakaoSDKCommon
    - KakaoSDKLink
    - KakaoSDKNavi
    - KakaoSDKStory
    - KakaoSDKTalk
    - KakaoSDKTemplate
    - KakaoSDKUser
    - SnapKit

SPEC CHECKSUMS:
  Alamofire: f3b09a368f1582ab751b3fff5460276e0d2cf5c9
  DropDown: 8a2116376c1981888557f72ec2ffc9a5e0e456ec
  KakaoSDK: 7511c6121a9934bd7cf0257ad5963a843f8c37de
  KakaoSDKAuth: 36597989cec6dd54707c2fc6501091bb9e32e3f0
  KakaoSDKCommon: b86ad0c899b93eaf0edb94c6deb5f0dbf7116398
  KakaoSDKLink: 6bf7c20aeafac56d2b863023b1e1ace2b36dbc87
  KakaoSDKNavi: 0971686e7183fe5a8d219c628b3548496f400fbc
  KakaoSDKStory: 53dea855b389afa6c23893f5ff072c4cca1790f7
  KakaoSDKTalk: 91f51840c2324b56593f980c78d6b8354f836330
  KakaoSDKTemplate: 0526fe52476228ec0061912e20e50955466ca873
  KakaoSDKUser: 7debff9ff539b095aa4858469163fed7e3bce73e
  SnapKit: 97b92857e3df3a0c71833cce143274bf6ef8e5eb

PODFILE CHECKSUM: 3c6e5d38e88faf9c07b496e73b63242ace26c9ad

COCOAPODS: 1.11.2
