// !$*UTF8*$!
{
	archiveVersion = 1;
	classes = {
	};
	objectVersion = 55;
	objects = {

/* Begin PBXBuildFile section */
		394A65CC2745042E000CD9A8 /* HeaderViewController.swift in Sources */ = {isa = PBXBuildFile; fileRef = 394A65CB2745042E000CD9A8 /* HeaderViewController.swift */; };
		394A65D027450AC3000CD9A8 /* ListViewController.swift in Sources */ = {isa = PBXBuildFile; fileRef = 394A65CF27450AC3000CD9A8 /* ListViewController.swift */; };
		394A65D227451934000CD9A8 /* Notice.storyboard in Resources */ = {isa = PBXBuildFile; fileRef = 394A65D127451934000CD9A8 /* Notice.storyboard */; };
		394A65D627451A5E000CD9A8 /* NoticeCustomCell.swift in Sources */ = {isa = PBXBuildFile; fileRef = 394A65D427451A5E000CD9A8 /* NoticeCustomCell.swift */; };
		394A65D727451A5E000CD9A8 /* NoticeCustomCell.xib in Resources */ = {isa = PBXBuildFile; fileRef = 394A65D527451A5E000CD9A8 /* NoticeCustomCell.xib */; };
		394A65D927451B90000CD9A8 /* NoticeViewController.swift in Sources */ = {isa = PBXBuildFile; fileRef = 394A65D827451B90000CD9A8 /* NoticeViewController.swift */; };
		394A65DB274522A9000CD9A8 /* Names.swift in Sources */ = {isa = PBXBuildFile; fileRef = 394A65DA274522A9000CD9A8 /* Names.swift */; };
		394A65DF2745F364000CD9A8 /* TestModel.swift in Sources */ = {isa = PBXBuildFile; fileRef = 394A65DE2745F364000CD9A8 /* TestModel.swift */; };
		394A65E22745F672000CD9A8 /* ScrollViewTest.storyboard in Resources */ = {isa = PBXBuildFile; fileRef = 394A65E12745F672000CD9A8 /* ScrollViewTest.storyboard */; };
		394A65E727463689000CD9A8 /* CommentCustomCell.swift in Sources */ = {isa = PBXBuildFile; fileRef = 394A65E527463688000CD9A8 /* CommentCustomCell.swift */; };
		394A65E827463689000CD9A8 /* CommentCustomCell.xib in Resources */ = {isa = PBXBuildFile; fileRef = 394A65E627463688000CD9A8 /* CommentCustomCell.xib */; };
		394A65EA2746397D000CD9A8 /* Comment.storyboard in Resources */ = {isa = PBXBuildFile; fileRef = 394A65E92746397C000CD9A8 /* Comment.storyboard */; };
		394A65EC274639C9000CD9A8 /* CommentViewController.swift in Sources */ = {isa = PBXBuildFile; fileRef = 394A65EB274639C9000CD9A8 /* CommentViewController.swift */; };
		39BE79A727433E3400452A8E /* AppDelegate.swift in Sources */ = {isa = PBXBuildFile; fileRef = 39BE79A627433E3400452A8E /* AppDelegate.swift */; };
		39BE79A927433E3400452A8E /* SceneDelegate.swift in Sources */ = {isa = PBXBuildFile; fileRef = 39BE79A827433E3400452A8E /* SceneDelegate.swift */; };
		39BE79AE27433E3400452A8E /* Main.storyboard in Resources */ = {isa = PBXBuildFile; fileRef = 39BE79AC27433E3400452A8E /* Main.storyboard */; };
		39BE79B027433E3600452A8E /* Assets.xcassets in Resources */ = {isa = PBXBuildFile; fileRef = 39BE79AF27433E3600452A8E /* Assets.xcassets */; };
		39BE79B327433E3600452A8E /* LaunchScreen.storyboard in Resources */ = {isa = PBXBuildFile; fileRef = 39BE79B127433E3600452A8E /* LaunchScreen.storyboard */; };
		39BE79C327433EA300452A8E /* NanumSquareRoundOTFB.otf in Resources */ = {isa = PBXBuildFile; fileRef = 39BE79C027433EA100452A8E /* NanumSquareRoundOTFB.otf */; };
		39BE79C427433EA500452A8E /* NanumSquareRoundOTFEB.otf in Resources */ = {isa = PBXBuildFile; fileRef = 39BE79BF27433EA100452A8E /* NanumSquareRoundOTFEB.otf */; };
		39BE79C527433EA700452A8E /* NanumSquareRoundOTFL.otf in Resources */ = {isa = PBXBuildFile; fileRef = 39BE79C127433EA100452A8E /* NanumSquareRoundOTFL.otf */; };
		39BE79C627433EA900452A8E /* NanumSquareRoundOTFR.otf in Resources */ = {isa = PBXBuildFile; fileRef = 39BE79C227433EA100452A8E /* NanumSquareRoundOTFR.otf */; };
		39BE79D52743577500452A8E /* banner1.png in Resources */ = {isa = PBXBuildFile; fileRef = 39BE79D42743577500452A8E /* banner1.png */; };
		39BE79D8274357A700452A8E /* ProductCustomCell.swift in Sources */ = {isa = PBXBuildFile; fileRef = 39BE79D6274357A700452A8E /* ProductCustomCell.swift */; };
		39BE79D9274357A700452A8E /* ProductCustomCell.xib in Resources */ = {isa = PBXBuildFile; fileRef = 39BE79D7274357A700452A8E /* ProductCustomCell.xib */; };
		39BE79DB27435D6600452A8E /* HomeViewController.swift in Sources */ = {isa = PBXBuildFile; fileRef = 39BE79DA27435D6600452A8E /* HomeViewController.swift */; };
		39BE79DD274361A100452A8E /* image_sample.png in Resources */ = {isa = PBXBuildFile; fileRef = 39BE79DC274361A100452A8E /* image_sample.png */; };
		39BE7A00274385C000452A8E /* Theme.swift in Sources */ = {isa = PBXBuildFile; fileRef = 39BE79FF274385C000452A8E /* Theme.swift */; };
		39CE79F32744A9CD00F8F659 /* ProductDetailViewController.swift in Sources */ = {isa = PBXBuildFile; fileRef = 39CE79F22744A9CC00F8F659 /* ProductDetailViewController.swift */; };
		39F38EE82743BF96007A15B3 /* HexColor.swift in Sources */ = {isa = PBXBuildFile; fileRef = 39F38EE72743BF96007A15B3 /* HexColor.swift */; };
		39F38EED2743C14D007A15B3 /* List.storyboard in Resources */ = {isa = PBXBuildFile; fileRef = 39F38EEC2743C14D007A15B3 /* List.storyboard */; };
		39F38EEF2743C1FC007A15B3 /* Home.storyboard in Resources */ = {isa = PBXBuildFile; fileRef = 39F38EEE2743C1FC007A15B3 /* Home.storyboard */; };
		39F38EF12743C3E9007A15B3 /* MyPage.storyboard in Resources */ = {isa = PBXBuildFile; fileRef = 39F38EF02743C3E9007A15B3 /* MyPage.storyboard */; };
		39F38EF52743CFE4007A15B3 /* ProductDetail.storyboard in Resources */ = {isa = PBXBuildFile; fileRef = 39F38EF42743CFE4007A15B3 /* ProductDetail.storyboard */; };
		630ADF47A35FB5C8AD524051 /* Pods_nanuri_app.framework in Frameworks */ = {isa = PBXBuildFile; fileRef = BDDB3627BCA5F7686EFF0EDE /* Pods_nanuri_app.framework */; };
		87A86E982745512500B0E16A /* Login.storyboard in Resources */ = {isa = PBXBuildFile; fileRef = 87A86E972745512500B0E16A /* Login.storyboard */; };
		87A86E9A2745608700B0E16A /* logo_sample.png in Resources */ = {isa = PBXBuildFile; fileRef = 87A86E992745608700B0E16A /* logo_sample.png */; };
		87F0ED132746139500506BCF /* RegisterViewController.swift in Sources */ = {isa = PBXBuildFile; fileRef = 87F0ED122746139500506BCF /* RegisterViewController.swift */; };
		87F0ED5C2746271E00506BCF /* LoginViewController.swift in Sources */ = {isa = PBXBuildFile; fileRef = 87F0ED5B2746271E00506BCF /* LoginViewController.swift */; };
/* End PBXBuildFile section */

/* Begin PBXFileReference section */
		074F6686FF187B2751F7FFF2 /* Pods-nanuri-app.release.xcconfig */ = {isa = PBXFileReference; includeInIndex = 1; lastKnownFileType = text.xcconfig; name = "Pods-nanuri-app.release.xcconfig"; path = "Target Support Files/Pods-nanuri-app/Pods-nanuri-app.release.xcconfig"; sourceTree = "<group>"; };
		1EBF4741949AAEF46845C1AE /* Pods-nanuri-app.debug.xcconfig */ = {isa = PBXFileReference; includeInIndex = 1; lastKnownFileType = text.xcconfig; name = "Pods-nanuri-app.debug.xcconfig"; path = "Target Support Files/Pods-nanuri-app/Pods-nanuri-app.debug.xcconfig"; sourceTree = "<group>"; };
		394A65CB2745042E000CD9A8 /* HeaderViewController.swift */ = {isa = PBXFileReference; lastKnownFileType = sourcecode.swift; path = HeaderViewController.swift; sourceTree = "<group>"; };
		394A65CF27450AC3000CD9A8 /* ListViewController.swift */ = {isa = PBXFileReference; lastKnownFileType = sourcecode.swift; path = ListViewController.swift; sourceTree = "<group>"; };
		394A65D127451934000CD9A8 /* Notice.storyboard */ = {isa = PBXFileReference; lastKnownFileType = file.storyboard; path = Notice.storyboard; sourceTree = "<group>"; };
		394A65D427451A5E000CD9A8 /* NoticeCustomCell.swift */ = {isa = PBXFileReference; lastKnownFileType = sourcecode.swift; path = NoticeCustomCell.swift; sourceTree = "<group>"; };
		394A65D527451A5E000CD9A8 /* NoticeCustomCell.xib */ = {isa = PBXFileReference; lastKnownFileType = file.xib; path = NoticeCustomCell.xib; sourceTree = "<group>"; };
		394A65D827451B90000CD9A8 /* NoticeViewController.swift */ = {isa = PBXFileReference; lastKnownFileType = sourcecode.swift; path = NoticeViewController.swift; sourceTree = "<group>"; };
		394A65DA274522A9000CD9A8 /* Names.swift */ = {isa = PBXFileReference; lastKnownFileType = sourcecode.swift; path = Names.swift; sourceTree = "<group>"; };
		394A65DE2745F364000CD9A8 /* TestModel.swift */ = {isa = PBXFileReference; lastKnownFileType = sourcecode.swift; path = TestModel.swift; sourceTree = "<group>"; };
		394A65E12745F672000CD9A8 /* ScrollViewTest.storyboard */ = {isa = PBXFileReference; lastKnownFileType = file.storyboard; path = ScrollViewTest.storyboard; sourceTree = "<group>"; };
		394A65E527463688000CD9A8 /* CommentCustomCell.swift */ = {isa = PBXFileReference; lastKnownFileType = sourcecode.swift; path = CommentCustomCell.swift; sourceTree = "<group>"; };
		394A65E627463688000CD9A8 /* CommentCustomCell.xib */ = {isa = PBXFileReference; lastKnownFileType = file.xib; path = CommentCustomCell.xib; sourceTree = "<group>"; };
		394A65E92746397C000CD9A8 /* Comment.storyboard */ = {isa = PBXFileReference; fileEncoding = 4; lastKnownFileType = file.storyboard; path = Comment.storyboard; sourceTree = "<group>"; };
		394A65EB274639C9000CD9A8 /* CommentViewController.swift */ = {isa = PBXFileReference; lastKnownFileType = sourcecode.swift; path = CommentViewController.swift; sourceTree = "<group>"; };
		39BE79A327433E3400452A8E /* nanuri-app.app */ = {isa = PBXFileReference; explicitFileType = wrapper.application; includeInIndex = 0; path = "nanuri-app.app"; sourceTree = BUILT_PRODUCTS_DIR; };
		39BE79A627433E3400452A8E /* AppDelegate.swift */ = {isa = PBXFileReference; lastKnownFileType = sourcecode.swift; path = AppDelegate.swift; sourceTree = "<group>"; };
		39BE79A827433E3400452A8E /* SceneDelegate.swift */ = {isa = PBXFileReference; lastKnownFileType = sourcecode.swift; path = SceneDelegate.swift; sourceTree = "<group>"; };
		39BE79AD27433E3400452A8E /* Base */ = {isa = PBXFileReference; lastKnownFileType = file.storyboard; name = Base; path = Base.lproj/Main.storyboard; sourceTree = "<group>"; };
		39BE79AF27433E3600452A8E /* Assets.xcassets */ = {isa = PBXFileReference; lastKnownFileType = folder.assetcatalog; path = Assets.xcassets; sourceTree = "<group>"; };
		39BE79B227433E3600452A8E /* Base */ = {isa = PBXFileReference; lastKnownFileType = file.storyboard; name = Base; path = Base.lproj/LaunchScreen.storyboard; sourceTree = "<group>"; };
		39BE79B427433E3600452A8E /* Info.plist */ = {isa = PBXFileReference; lastKnownFileType = text.plist.xml; path = Info.plist; sourceTree = "<group>"; };
		39BE79BF27433EA100452A8E /* NanumSquareRoundOTFEB.otf */ = {isa = PBXFileReference; lastKnownFileType = file; path = NanumSquareRoundOTFEB.otf; sourceTree = "<group>"; };
		39BE79C027433EA100452A8E /* NanumSquareRoundOTFB.otf */ = {isa = PBXFileReference; lastKnownFileType = file; path = NanumSquareRoundOTFB.otf; sourceTree = "<group>"; };
		39BE79C127433EA100452A8E /* NanumSquareRoundOTFL.otf */ = {isa = PBXFileReference; lastKnownFileType = file; path = NanumSquareRoundOTFL.otf; sourceTree = "<group>"; };
		39BE79C227433EA100452A8E /* NanumSquareRoundOTFR.otf */ = {isa = PBXFileReference; lastKnownFileType = file; path = NanumSquareRoundOTFR.otf; sourceTree = "<group>"; };
		39BE79D42743577500452A8E /* banner1.png */ = {isa = PBXFileReference; lastKnownFileType = image.png; path = banner1.png; sourceTree = "<group>"; };
		39BE79D6274357A700452A8E /* ProductCustomCell.swift */ = {isa = PBXFileReference; lastKnownFileType = sourcecode.swift; path = ProductCustomCell.swift; sourceTree = "<group>"; };
		39BE79D7274357A700452A8E /* ProductCustomCell.xib */ = {isa = PBXFileReference; lastKnownFileType = file.xib; path = ProductCustomCell.xib; sourceTree = "<group>"; };
		39BE79DA27435D6600452A8E /* HomeViewController.swift */ = {isa = PBXFileReference; lastKnownFileType = sourcecode.swift; path = HomeViewController.swift; sourceTree = "<group>"; };
		39BE79DC274361A100452A8E /* image_sample.png */ = {isa = PBXFileReference; lastKnownFileType = image.png; path = image_sample.png; sourceTree = "<group>"; };
		39BE79FF274385C000452A8E /* Theme.swift */ = {isa = PBXFileReference; lastKnownFileType = sourcecode.swift; path = Theme.swift; sourceTree = "<group>"; };
		39CE79F22744A9CC00F8F659 /* ProductDetailViewController.swift */ = {isa = PBXFileReference; lastKnownFileType = sourcecode.swift; path = ProductDetailViewController.swift; sourceTree = "<group>"; };
		39F38EE72743BF96007A15B3 /* HexColor.swift */ = {isa = PBXFileReference; lastKnownFileType = sourcecode.swift; path = HexColor.swift; sourceTree = "<group>"; };
		39F38EEC2743C14D007A15B3 /* List.storyboard */ = {isa = PBXFileReference; fileEncoding = 4; lastKnownFileType = file.storyboard; path = List.storyboard; sourceTree = "<group>"; };
		39F38EEE2743C1FC007A15B3 /* Home.storyboard */ = {isa = PBXFileReference; fileEncoding = 4; lastKnownFileType = file.storyboard; path = Home.storyboard; sourceTree = "<group>"; };
		39F38EF02743C3E9007A15B3 /* MyPage.storyboard */ = {isa = PBXFileReference; fileEncoding = 4; lastKnownFileType = file.storyboard; path = MyPage.storyboard; sourceTree = "<group>"; };
		39F38EF42743CFE4007A15B3 /* ProductDetail.storyboard */ = {isa = PBXFileReference; fileEncoding = 4; lastKnownFileType = file.storyboard; path = ProductDetail.storyboard; sourceTree = "<group>"; };
		87A86E972745512500B0E16A /* Login.storyboard */ = {isa = PBXFileReference; lastKnownFileType = file.storyboard; path = Login.storyboard; sourceTree = "<group>"; };
		87A86E992745608700B0E16A /* logo_sample.png */ = {isa = PBXFileReference; lastKnownFileType = image.png; path = logo_sample.png; sourceTree = "<group>"; };
		87F0ED122746139500506BCF /* RegisterViewController.swift */ = {isa = PBXFileReference; lastKnownFileType = sourcecode.swift; path = RegisterViewController.swift; sourceTree = "<group>"; };
		87F0ED5B2746271E00506BCF /* LoginViewController.swift */ = {isa = PBXFileReference; lastKnownFileType = sourcecode.swift; path = LoginViewController.swift; sourceTree = "<group>"; };
		BDDB3627BCA5F7686EFF0EDE /* Pods_nanuri_app.framework */ = {isa = PBXFileReference; explicitFileType = wrapper.framework; includeInIndex = 0; path = Pods_nanuri_app.framework; sourceTree = BUILT_PRODUCTS_DIR; };
/* End PBXFileReference section */

/* Begin PBXFrameworksBuildPhase section */
		39BE79A027433E3400452A8E /* Frameworks */ = {
			isa = PBXFrameworksBuildPhase;
			buildActionMask = 2147483647;
			files = (
				630ADF47A35FB5C8AD524051 /* Pods_nanuri_app.framework in Frameworks */,
			);
			runOnlyForDeploymentPostprocessing = 0;
		};
/* End PBXFrameworksBuildPhase section */

/* Begin PBXGroup section */
		29AB72D681126EB6595A2E5F /* Frameworks */ = {
			isa = PBXGroup;
			children = (
				BDDB3627BCA5F7686EFF0EDE /* Pods_nanuri_app.framework */,
			);
			name = Frameworks;
			sourceTree = "<group>";
		};
		394A65E02745F519000CD9A8 /* Cells */ = {
			isa = PBXGroup;
			children = (
				394A65D427451A5E000CD9A8 /* NoticeCustomCell.swift */,
				394A65D527451A5E000CD9A8 /* NoticeCustomCell.xib */,
				394A65E527463688000CD9A8 /* CommentCustomCell.swift */,
				394A65E627463688000CD9A8 /* CommentCustomCell.xib */,
			);
			path = Cells;
			sourceTree = "<group>";
		};
		39BE799A27433E3400452A8E = {
			isa = PBXGroup;
			children = (
				39BE79A527433E3400452A8E /* nanuri-app */,
				39BE79A427433E3400452A8E /* Products */,
				94EA023BE25D428CE0FF4E6E /* Pods */,
				29AB72D681126EB6595A2E5F /* Frameworks */,
			);
			sourceTree = "<group>";
		};
		39BE79A427433E3400452A8E /* Products */ = {
			isa = PBXGroup;
			children = (
				39BE79A327433E3400452A8E /* nanuri-app.app */,
			);
			name = Products;
			sourceTree = "<group>";
		};
		39BE79A527433E3400452A8E /* nanuri-app */ = {
			isa = PBXGroup;
			children = (
				39F38EE12743BE04007A15B3 /* Tab */,
				39BE79BC27433E7100452A8E /* Controller */,
				39BE79BB27433E6D00452A8E /* View */,
				39BE79BA27433E6800452A8E /* Model */,
				39CE79F62744ECB600F8F659 /* Common */,
				39BE79BD27433E7600452A8E /* Utils */,
				39CE7A002745035400F8F659 /* Resource */,
				39BE79D32743575C00452A8E /* sample_images */,
				39CE79FF2745032200F8F659 /* ApplicationDelegate */,
				39BE79B427433E3600452A8E /* Info.plist */,
			);
			path = "nanuri-app";
			sourceTree = "<group>";
		};
		39BE79BA27433E6800452A8E /* Model */ = {
			isa = PBXGroup;
			children = (
				394A65DE2745F364000CD9A8 /* TestModel.swift */,
			);
			path = Model;
			sourceTree = "<group>";
		};
		39BE79BB27433E6D00452A8E /* View */ = {
			isa = PBXGroup;
			children = (
				394A65E02745F519000CD9A8 /* Cells */,
				394A65D127451934000CD9A8 /* Notice.storyboard */,
				39F38EF42743CFE4007A15B3 /* ProductDetail.storyboard */,
				394A65E92746397C000CD9A8 /* Comment.storyboard */,
				39BE79B127433E3600452A8E /* LaunchScreen.storyboard */,
				39BE79AC27433E3400452A8E /* Main.storyboard */,
				87A86E972745512500B0E16A /* Login.storyboard */,
				394A65E12745F672000CD9A8 /* ScrollViewTest.storyboard */,
			);
			path = View;
			sourceTree = "<group>";
		};
		39BE79BC27433E7100452A8E /* Controller */ = {
			isa = PBXGroup;
			children = (
				39CE79F22744A9CC00F8F659 /* ProductDetailViewController.swift */,
				87F0ED122746139500506BCF /* RegisterViewController.swift */,
				87F0ED5B2746271E00506BCF /* LoginViewController.swift */,
				394A65D827451B90000CD9A8 /* NoticeViewController.swift */,
				394A65EB274639C9000CD9A8 /* CommentViewController.swift */,
			);
			path = Controller;
			sourceTree = "<group>";
		};
		39BE79BD27433E7600452A8E /* Utils */ = {
			isa = PBXGroup;
			children = (
				39BE79FF274385C000452A8E /* Theme.swift */,
				39F38EE72743BF96007A15B3 /* HexColor.swift */,
				394A65DA274522A9000CD9A8 /* Names.swift */,
			);
			path = Utils;
			sourceTree = "<group>";
		};
		39BE79BE27433E8000452A8E /* Fonts */ = {
			isa = PBXGroup;
			children = (
				39BE79C027433EA100452A8E /* NanumSquareRoundOTFB.otf */,
				39BE79BF27433EA100452A8E /* NanumSquareRoundOTFEB.otf */,
				39BE79C127433EA100452A8E /* NanumSquareRoundOTFL.otf */,
				39BE79C227433EA100452A8E /* NanumSquareRoundOTFR.otf */,
			);
			path = Fonts;
			sourceTree = "<group>";
		};
		39BE79D32743575C00452A8E /* sample_images */ = {
			isa = PBXGroup;
			children = (
				39BE79D42743577500452A8E /* banner1.png */,
				87A86E992745608700B0E16A /* logo_sample.png */,
				39BE79DC274361A100452A8E /* image_sample.png */,
			);
			path = sample_images;
			sourceTree = "<group>";
		};
		39CE79F62744ECB600F8F659 /* Common */ = {
			isa = PBXGroup;
			children = (
				394A65CB2745042E000CD9A8 /* HeaderViewController.swift */,
			);
			path = Common;
			sourceTree = "<group>";
		};
		39CE79FF2745032200F8F659 /* ApplicationDelegate */ = {
			isa = PBXGroup;
			children = (
				39BE79A627433E3400452A8E /* AppDelegate.swift */,
				39BE79A827433E3400452A8E /* SceneDelegate.swift */,
			);
			path = ApplicationDelegate;
			sourceTree = "<group>";
		};
		39CE7A002745035400F8F659 /* Resource */ = {
			isa = PBXGroup;
			children = (
				39BE79AF27433E3600452A8E /* Assets.xcassets */,
				39BE79BE27433E8000452A8E /* Fonts */,
			);
			path = Resource;
			sourceTree = "<group>";
		};
		39F38EE12743BE04007A15B3 /* Tab */ = {
			isa = PBXGroup;
			children = (
				39F38EE92743C01D007A15B3 /* Views */,
				39F38EE32743BEF0007A15B3 /* Home */,
				39F38EE42743BEF7007A15B3 /* List */,
				39F38EE52743BF0D007A15B3 /* MyPage */,
			);
			path = Tab;
			sourceTree = "<group>";
		};
		39F38EE32743BEF0007A15B3 /* Home */ = {
			isa = PBXGroup;
			children = (
				39F38EEE2743C1FC007A15B3 /* Home.storyboard */,
				39BE79DA27435D6600452A8E /* HomeViewController.swift */,
			);
			path = Home;
			sourceTree = "<group>";
		};
		39F38EE42743BEF7007A15B3 /* List */ = {
			isa = PBXGroup;
			children = (
				39F38EEC2743C14D007A15B3 /* List.storyboard */,
				394A65CF27450AC3000CD9A8 /* ListViewController.swift */,
			);
			path = List;
			sourceTree = "<group>";
		};
		39F38EE52743BF0D007A15B3 /* MyPage */ = {
			isa = PBXGroup;
			children = (
				39F38EF02743C3E9007A15B3 /* MyPage.storyboard */,
			);
			path = MyPage;
			sourceTree = "<group>";
		};
		39F38EE92743C01D007A15B3 /* Views */ = {
			isa = PBXGroup;
			children = (
				39BE79D6274357A700452A8E /* ProductCustomCell.swift */,
				39BE79D7274357A700452A8E /* ProductCustomCell.xib */,
			);
			path = Views;
			sourceTree = "<group>";
		};
		94EA023BE25D428CE0FF4E6E /* Pods */ = {
			isa = PBXGroup;
			children = (
				1EBF4741949AAEF46845C1AE /* Pods-nanuri-app.debug.xcconfig */,
				074F6686FF187B2751F7FFF2 /* Pods-nanuri-app.release.xcconfig */,
			);
			path = Pods;
			sourceTree = "<group>";
		};
/* End PBXGroup section */

/* Begin PBXNativeTarget section */
		39BE79A227433E3400452A8E /* nanuri-app */ = {
			isa = PBXNativeTarget;
			buildConfigurationList = 39BE79B727433E3600452A8E /* Build configuration list for PBXNativeTarget "nanuri-app" */;
			buildPhases = (
				B0A9E3E10A0B1DB217FBC965 /* [CP] Check Pods Manifest.lock */,
				39BE799F27433E3400452A8E /* Sources */,
				39BE79A027433E3400452A8E /* Frameworks */,
				39BE79A127433E3400452A8E /* Resources */,
				82D6DCFCB53C2FD897EFB6EF /* [CP] Embed Pods Frameworks */,
			);
			buildRules = (
			);
			dependencies = (
			);
			name = "nanuri-app";
			productName = "nanuri-app";
			productReference = 39BE79A327433E3400452A8E /* nanuri-app.app */;
			productType = "com.apple.product-type.application";
		};
/* End PBXNativeTarget section */

/* Begin PBXProject section */
		39BE799B27433E3400452A8E /* Project object */ = {
			isa = PBXProject;
			attributes = {
				BuildIndependentTargetsInParallel = 1;
				LastSwiftUpdateCheck = 1310;
				LastUpgradeCheck = 1310;
				TargetAttributes = {
					39BE79A227433E3400452A8E = {
						CreatedOnToolsVersion = 13.1;
					};
				};
			};
			buildConfigurationList = 39BE799E27433E3400452A8E /* Build configuration list for PBXProject "nanuri-app" */;
			compatibilityVersion = "Xcode 13.0";
			developmentRegion = en;
			hasScannedForEncodings = 0;
			knownRegions = (
				en,
				Base,
			);
			mainGroup = 39BE799A27433E3400452A8E;
			productRefGroup = 39BE79A427433E3400452A8E /* Products */;
			projectDirPath = "";
			projectRoot = "";
			targets = (
				39BE79A227433E3400452A8E /* nanuri-app */,
			);
		};
/* End PBXProject section */

/* Begin PBXResourcesBuildPhase section */
		39BE79A127433E3400452A8E /* Resources */ = {
			isa = PBXResourcesBuildPhase;
			buildActionMask = 2147483647;
			files = (
				87A86E982745512500B0E16A /* Login.storyboard in Resources */,
				39BE79D9274357A700452A8E /* ProductCustomCell.xib in Resources */,
				87A86E9A2745608700B0E16A /* logo_sample.png in Resources */,
				39F38EEF2743C1FC007A15B3 /* Home.storyboard in Resources */,
				394A65E22745F672000CD9A8 /* ScrollViewTest.storyboard in Resources */,
				394A65D727451A5E000CD9A8 /* NoticeCustomCell.xib in Resources */,
				394A65D227451934000CD9A8 /* Notice.storyboard in Resources */,
				39BE79C527433EA700452A8E /* NanumSquareRoundOTFL.otf in Resources */,
				39BE79D52743577500452A8E /* banner1.png in Resources */,
				394A65EA2746397D000CD9A8 /* Comment.storyboard in Resources */,
				39BE79C627433EA900452A8E /* NanumSquareRoundOTFR.otf in Resources */,
				39F38EF52743CFE4007A15B3 /* ProductDetail.storyboard in Resources */,
				39BE79B327433E3600452A8E /* LaunchScreen.storyboard in Resources */,
				39BE79B027433E3600452A8E /* Assets.xcassets in Resources */,
				39BE79C327433EA300452A8E /* NanumSquareRoundOTFB.otf in Resources */,
				39BE79AE27433E3400452A8E /* Main.storyboard in Resources */,
				39F38EF12743C3E9007A15B3 /* MyPage.storyboard in Resources */,
				39BE79DD274361A100452A8E /* image_sample.png in Resources */,
				39F38EED2743C14D007A15B3 /* List.storyboard in Resources */,
				394A65E827463689000CD9A8 /* CommentCustomCell.xib in Resources */,
				39BE79C427433EA500452A8E /* NanumSquareRoundOTFEB.otf in Resources */,
			);
			runOnlyForDeploymentPostprocessing = 0;
		};
/* End PBXResourcesBuildPhase section */

/* Begin PBXShellScriptBuildPhase section */
		82D6DCFCB53C2FD897EFB6EF /* [CP] Embed Pods Frameworks */ = {
			isa = PBXShellScriptBuildPhase;
			buildActionMask = 2147483647;
			files = (
			);
			inputFileListPaths = (
				"${PODS_ROOT}/Target Support Files/Pods-nanuri-app/Pods-nanuri-app-frameworks-${CONFIGURATION}-input-files.xcfilelist",
			);
			name = "[CP] Embed Pods Frameworks";
			outputFileListPaths = (
				"${PODS_ROOT}/Target Support Files/Pods-nanuri-app/Pods-nanuri-app-frameworks-${CONFIGURATION}-output-files.xcfilelist",
			);
			runOnlyForDeploymentPostprocessing = 0;
			shellPath = /bin/sh;
			shellScript = "\"${PODS_ROOT}/Target Support Files/Pods-nanuri-app/Pods-nanuri-app-frameworks.sh\"\n";
			showEnvVarsInLog = 0;
		};
		B0A9E3E10A0B1DB217FBC965 /* [CP] Check Pods Manifest.lock */ = {
			isa = PBXShellScriptBuildPhase;
			buildActionMask = 2147483647;
			files = (
			);
			inputFileListPaths = (
			);
			inputPaths = (
				"${PODS_PODFILE_DIR_PATH}/Podfile.lock",
				"${PODS_ROOT}/Manifest.lock",
			);
			name = "[CP] Check Pods Manifest.lock";
			outputFileListPaths = (
			);
			outputPaths = (
				"$(DERIVED_FILE_DIR)/Pods-nanuri-app-checkManifestLockResult.txt",
			);
			runOnlyForDeploymentPostprocessing = 0;
			shellPath = /bin/sh;
			shellScript = "diff \"${PODS_PODFILE_DIR_PATH}/Podfile.lock\" \"${PODS_ROOT}/Manifest.lock\" > /dev/null\nif [ $? != 0 ] ; then\n    # print error to STDERR\n    echo \"error: The sandbox is not in sync with the Podfile.lock. Run 'pod install' or update your CocoaPods installation.\" >&2\n    exit 1\nfi\n# This output is used by Xcode 'outputs' to avoid re-running this script phase.\necho \"SUCCESS\" > \"${SCRIPT_OUTPUT_FILE_0}\"\n";
			showEnvVarsInLog = 0;
		};
/* End PBXShellScriptBuildPhase section */

/* Begin PBXSourcesBuildPhase section */
		39BE799F27433E3400452A8E /* Sources */ = {
			isa = PBXSourcesBuildPhase;
			buildActionMask = 2147483647;
			files = (
				39BE7A00274385C000452A8E /* Theme.swift in Sources */,
				39CE79F32744A9CD00F8F659 /* ProductDetailViewController.swift in Sources */,
				394A65DB274522A9000CD9A8 /* Names.swift in Sources */,
				394A65D027450AC3000CD9A8 /* ListViewController.swift in Sources */,
				87F0ED132746139500506BCF /* RegisterViewController.swift in Sources */,
				394A65CE274506B6000CD9A8 /* ImageName.swift in Sources */,
				39BE79D8274357A700452A8E /* ProductCustomCell.swift in Sources */,
				394A65EC274639C9000CD9A8 /* CommentViewController.swift in Sources */,
				394A65DF2745F364000CD9A8 /* TestModel.swift in Sources */,
				39BE79A727433E3400452A8E /* AppDelegate.swift in Sources */,
				394A65D627451A5E000CD9A8 /* NoticeCustomCell.swift in Sources */,
				394A65D927451B90000CD9A8 /* NoticeViewController.swift in Sources */,
				39F38EE82743BF96007A15B3 /* HexColor.swift in Sources */,
				394A65CC2745042E000CD9A8 /* HeaderViewController.swift in Sources */,
				39BE79DB27435D6600452A8E /* HomeViewController.swift in Sources */,
				394A65E727463689000CD9A8 /* CommentCustomCell.swift in Sources */,
				87F0ED5C2746271E00506BCF /* LoginViewController.swift in Sources */,
				39BE79A927433E3400452A8E /* SceneDelegate.swift in Sources */,
			);
			runOnlyForDeploymentPostprocessing = 0;
		};
/* End PBXSourcesBuildPhase section */

/* Begin PBXVariantGroup section */
		39BE79AC27433E3400452A8E /* Main.storyboard */ = {
			isa = PBXVariantGroup;
			children = (
				39BE79AD27433E3400452A8E /* Base */,
			);
			name = Main.storyboard;
			sourceTree = "<group>";
		};
		39BE79B127433E3600452A8E /* LaunchScreen.storyboard */ = {
			isa = PBXVariantGroup;
			children = (
				39BE79B227433E3600452A8E /* Base */,
			);
			name = LaunchScreen.storyboard;
			sourceTree = "<group>";
		};
/* End PBXVariantGroup section */

/* Begin XCBuildConfiguration section */
		39BE79B527433E3600452A8E /* Debug */ = {
			isa = XCBuildConfiguration;
			buildSettings = {
				ALWAYS_SEARCH_USER_PATHS = NO;
				CLANG_ANALYZER_NONNULL = YES;
				CLANG_ANALYZER_NUMBER_OBJECT_CONVERSION = YES_AGGRESSIVE;
				CLANG_CXX_LANGUAGE_STANDARD = "gnu++17";
				CLANG_CXX_LIBRARY = "libc++";
				CLANG_ENABLE_MODULES = YES;
				CLANG_ENABLE_OBJC_ARC = YES;
				CLANG_ENABLE_OBJC_WEAK = YES;
				CLANG_WARN_BLOCK_CAPTURE_AUTORELEASING = YES;
				CLANG_WARN_BOOL_CONVERSION = YES;
				CLANG_WARN_COMMA = YES;
				CLANG_WARN_CONSTANT_CONVERSION = YES;
				CLANG_WARN_DEPRECATED_OBJC_IMPLEMENTATIONS = YES;
				CLANG_WARN_DIRECT_OBJC_ISA_USAGE = YES_ERROR;
				CLANG_WARN_DOCUMENTATION_COMMENTS = YES;
				CLANG_WARN_EMPTY_BODY = YES;
				CLANG_WARN_ENUM_CONVERSION = YES;
				CLANG_WARN_INFINITE_RECURSION = YES;
				CLANG_WARN_INT_CONVERSION = YES;
				CLANG_WARN_NON_LITERAL_NULL_CONVERSION = YES;
				CLANG_WARN_OBJC_IMPLICIT_RETAIN_SELF = YES;
				CLANG_WARN_OBJC_LITERAL_CONVERSION = YES;
				CLANG_WARN_OBJC_ROOT_CLASS = YES_ERROR;
				CLANG_WARN_QUOTED_INCLUDE_IN_FRAMEWORK_HEADER = YES;
				CLANG_WARN_RANGE_LOOP_ANALYSIS = YES;
				CLANG_WARN_STRICT_PROTOTYPES = YES;
				CLANG_WARN_SUSPICIOUS_MOVE = YES;
				CLANG_WARN_UNGUARDED_AVAILABILITY = YES_AGGRESSIVE;
				CLANG_WARN_UNREACHABLE_CODE = YES;
				CLANG_WARN__DUPLICATE_METHOD_MATCH = YES;
				COPY_PHASE_STRIP = NO;
				DEBUG_INFORMATION_FORMAT = dwarf;
				ENABLE_STRICT_OBJC_MSGSEND = YES;
				ENABLE_TESTABILITY = YES;
				GCC_C_LANGUAGE_STANDARD = gnu11;
				GCC_DYNAMIC_NO_PIC = NO;
				GCC_NO_COMMON_BLOCKS = YES;
				GCC_OPTIMIZATION_LEVEL = 0;
				GCC_PREPROCESSOR_DEFINITIONS = (
					"DEBUG=1",
					"$(inherited)",
				);
				GCC_WARN_64_TO_32_BIT_CONVERSION = YES;
				GCC_WARN_ABOUT_RETURN_TYPE = YES_ERROR;
				GCC_WARN_UNDECLARED_SELECTOR = YES;
				GCC_WARN_UNINITIALIZED_AUTOS = YES_AGGRESSIVE;
				GCC_WARN_UNUSED_FUNCTION = YES;
				GCC_WARN_UNUSED_VARIABLE = YES;
				IPHONEOS_DEPLOYMENT_TARGET = 15.0;
				MTL_ENABLE_DEBUG_INFO = INCLUDE_SOURCE;
				MTL_FAST_MATH = YES;
				ONLY_ACTIVE_ARCH = YES;
				SDKROOT = iphoneos;
				SWIFT_ACTIVE_COMPILATION_CONDITIONS = DEBUG;
				SWIFT_OPTIMIZATION_LEVEL = "-Onone";
			};
			name = Debug;
		};
		39BE79B627433E3600452A8E /* Release */ = {
			isa = XCBuildConfiguration;
			buildSettings = {
				ALWAYS_SEARCH_USER_PATHS = NO;
				CLANG_ANALYZER_NONNULL = YES;
				CLANG_ANALYZER_NUMBER_OBJECT_CONVERSION = YES_AGGRESSIVE;
				CLANG_CXX_LANGUAGE_STANDARD = "gnu++17";
				CLANG_CXX_LIBRARY = "libc++";
				CLANG_ENABLE_MODULES = YES;
				CLANG_ENABLE_OBJC_ARC = YES;
				CLANG_ENABLE_OBJC_WEAK = YES;
				CLANG_WARN_BLOCK_CAPTURE_AUTORELEASING = YES;
				CLANG_WARN_BOOL_CONVERSION = YES;
				CLANG_WARN_COMMA = YES;
				CLANG_WARN_CONSTANT_CONVERSION = YES;
				CLANG_WARN_DEPRECATED_OBJC_IMPLEMENTATIONS = YES;
				CLANG_WARN_DIRECT_OBJC_ISA_USAGE = YES_ERROR;
				CLANG_WARN_DOCUMENTATION_COMMENTS = YES;
				CLANG_WARN_EMPTY_BODY = YES;
				CLANG_WARN_ENUM_CONVERSION = YES;
				CLANG_WARN_INFINITE_RECURSION = YES;
				CLANG_WARN_INT_CONVERSION = YES;
				CLANG_WARN_NON_LITERAL_NULL_CONVERSION = YES;
				CLANG_WARN_OBJC_IMPLICIT_RETAIN_SELF = YES;
				CLANG_WARN_OBJC_LITERAL_CONVERSION = YES;
				CLANG_WARN_OBJC_ROOT_CLASS = YES_ERROR;
				CLANG_WARN_QUOTED_INCLUDE_IN_FRAMEWORK_HEADER = YES;
				CLANG_WARN_RANGE_LOOP_ANALYSIS = YES;
				CLANG_WARN_STRICT_PROTOTYPES = YES;
				CLANG_WARN_SUSPICIOUS_MOVE = YES;
				CLANG_WARN_UNGUARDED_AVAILABILITY = YES_AGGRESSIVE;
				CLANG_WARN_UNREACHABLE_CODE = YES;
				CLANG_WARN__DUPLICATE_METHOD_MATCH = YES;
				COPY_PHASE_STRIP = NO;
				DEBUG_INFORMATION_FORMAT = "dwarf-with-dsym";
				ENABLE_NS_ASSERTIONS = NO;
				ENABLE_STRICT_OBJC_MSGSEND = YES;
				GCC_C_LANGUAGE_STANDARD = gnu11;
				GCC_NO_COMMON_BLOCKS = YES;
				GCC_WARN_64_TO_32_BIT_CONVERSION = YES;
				GCC_WARN_ABOUT_RETURN_TYPE = YES_ERROR;
				GCC_WARN_UNDECLARED_SELECTOR = YES;
				GCC_WARN_UNINITIALIZED_AUTOS = YES_AGGRESSIVE;
				GCC_WARN_UNUSED_FUNCTION = YES;
				GCC_WARN_UNUSED_VARIABLE = YES;
				IPHONEOS_DEPLOYMENT_TARGET = 15.0;
				MTL_ENABLE_DEBUG_INFO = NO;
				MTL_FAST_MATH = YES;
				SDKROOT = iphoneos;
				SWIFT_COMPILATION_MODE = wholemodule;
				SWIFT_OPTIMIZATION_LEVEL = "-O";
				VALIDATE_PRODUCT = YES;
			};
			name = Release;
		};
		39BE79B827433E3600452A8E /* Debug */ = {
			isa = XCBuildConfiguration;
			baseConfigurationReference = 1EBF4741949AAEF46845C1AE /* Pods-nanuri-app.debug.xcconfig */;
			buildSettings = {
				ASSETCATALOG_COMPILER_APPICON_NAME = AppIcon;
				ASSETCATALOG_COMPILER_GLOBAL_ACCENT_COLOR_NAME = AccentColor;
				CODE_SIGN_STYLE = Automatic;
				CURRENT_PROJECT_VERSION = 1;
				GENERATE_INFOPLIST_FILE = YES;
				INFOPLIST_FILE = "nanuri-app/Info.plist";
				INFOPLIST_KEY_UIApplicationSupportsIndirectInputEvents = YES;
				INFOPLIST_KEY_UILaunchStoryboardName = LaunchScreen;
				INFOPLIST_KEY_UIMainStoryboardFile = Main;
				INFOPLIST_KEY_UISupportedInterfaceOrientations_iPad = "UIInterfaceOrientationPortrait UIInterfaceOrientationPortraitUpsideDown UIInterfaceOrientationLandscapeLeft UIInterfaceOrientationLandscapeRight";
				INFOPLIST_KEY_UISupportedInterfaceOrientations_iPhone = "UIInterfaceOrientationPortrait UIInterfaceOrientationLandscapeLeft UIInterfaceOrientationLandscapeRight";
				LD_RUNPATH_SEARCH_PATHS = (
					"$(inherited)",
					"@executable_path/Frameworks",
				);
				MARKETING_VERSION = 1.0;
				PRODUCT_BUNDLE_IDENTIFIER = "nanuri.team.project.nanuri-app";
				PRODUCT_NAME = "$(TARGET_NAME)";
				SWIFT_EMIT_LOC_STRINGS = YES;
				SWIFT_VERSION = 5.0;
				TARGETED_DEVICE_FAMILY = 1;
			};
			name = Debug;
		};
		39BE79B927433E3600452A8E /* Release */ = {
			isa = XCBuildConfiguration;
			baseConfigurationReference = 074F6686FF187B2751F7FFF2 /* Pods-nanuri-app.release.xcconfig */;
			buildSettings = {
				ASSETCATALOG_COMPILER_APPICON_NAME = AppIcon;
				ASSETCATALOG_COMPILER_GLOBAL_ACCENT_COLOR_NAME = AccentColor;
				CODE_SIGN_STYLE = Automatic;
				CURRENT_PROJECT_VERSION = 1;
				GENERATE_INFOPLIST_FILE = YES;
				INFOPLIST_FILE = "nanuri-app/Info.plist";
				INFOPLIST_KEY_UIApplicationSupportsIndirectInputEvents = YES;
				INFOPLIST_KEY_UILaunchStoryboardName = LaunchScreen;
				INFOPLIST_KEY_UIMainStoryboardFile = Main;
				INFOPLIST_KEY_UISupportedInterfaceOrientations_iPad = "UIInterfaceOrientationPortrait UIInterfaceOrientationPortraitUpsideDown UIInterfaceOrientationLandscapeLeft UIInterfaceOrientationLandscapeRight";
				INFOPLIST_KEY_UISupportedInterfaceOrientations_iPhone = "UIInterfaceOrientationPortrait UIInterfaceOrientationLandscapeLeft UIInterfaceOrientationLandscapeRight";
				LD_RUNPATH_SEARCH_PATHS = (
					"$(inherited)",
					"@executable_path/Frameworks",
				);
				MARKETING_VERSION = 1.0;
				PRODUCT_BUNDLE_IDENTIFIER = "nanuri.team.project.nanuri-app";
				PRODUCT_NAME = "$(TARGET_NAME)";
				SWIFT_EMIT_LOC_STRINGS = YES;
				SWIFT_VERSION = 5.0;
				TARGETED_DEVICE_FAMILY = 1;
			};
			name = Release;
		};
/* End XCBuildConfiguration section */

/* Begin XCConfigurationList section */
		39BE799E27433E3400452A8E /* Build configuration list for PBXProject "nanuri-app" */ = {
			isa = XCConfigurationList;
			buildConfigurations = (
				39BE79B527433E3600452A8E /* Debug */,
				39BE79B627433E3600452A8E /* Release */,
			);
			defaultConfigurationIsVisible = 0;
			defaultConfigurationName = Release;
		};
		39BE79B727433E3600452A8E /* Build configuration list for PBXNativeTarget "nanuri-app" */ = {
			isa = XCConfigurationList;
			buildConfigurations = (
				39BE79B827433E3600452A8E /* Debug */,
				39BE79B927433E3600452A8E /* Release */,
			);
			defaultConfigurationIsVisible = 0;
			defaultConfigurationName = Release;
		};
/* End XCConfigurationList section */
	};
	rootObject = 39BE799B27433E3400452A8E /* Project object */;
}
